<?xml version="1.0" encoding="utf-8"?>
<Project ToolsVersion="17.0" xmlns="http://schemas.microsoft.com/developer/msbuild/2003">
  <ItemGroup>
    <ClCompile Include="D:\深大\课程\大三上   课\图形学\实验\1\实验1.1_参考代码\实验1.1_参考代码\InitShader.cpp">
      <Filter>Source Files</Filter>
    </ClCompile>
    <ClCompile Include="D:\深大\课程\大三上   课\图形学\实验\1\实验1.1_参考代码\实验1.1_参考代码\glad.c">
      <Filter>Source Files</Filter>
    </ClCompile>
    <ClCompile Include="D:\深大\课程\大三上   课\图形学\实验\1\实验1.1_参考代码\实验1.1_参考代码\main.cpp">
      <Filter>Source Files</Filter>
    </ClCompile>
  </ItemGroup>
  <ItemGroup>
    <CustomBuild Include="D:\深大\课程\大三上   课\图形学\实验\1\实验1.1_参考代码\实验1.1_参考代码\CMakeLists.txt" />
  </ItemGroup>
  <ItemGroup>
    <Filter Include="Source Files">
      <UniqueIdentifier>{A9C0B6CE-5F91-3995-ABF8-05D966C53F2D}</UniqueIdentifier>
    </Filter>
  </ItemGroup>
</Project>
